
Microsoft Visual Studio Solution File, Format Version 12.00
# Visual Studio 14
VisualStudioVersion = 14.0.23107.0
MinimumVisualStudioVersion = 10.0.40219.1
Project("{FAE04EC0-301F-11D3-BF4B-00C04F79EFBC}") = "MultiplayerGameFramework", "MultiplayerGameFramework\MultiplayerGameFramework.csproj", "{5F2593F7-1CE8-443B-B7C2-4D1DDE371324}"
EndProject
Project("{FAE04EC0-301F-11D3-BF4B-00C04F79EFBC}") = "MGF-Photon", "MGF-Photon\MGF-Photon.csproj", "{A635B525-933B-433E-9131-ACDC87D24024}"
EndProject
Project("{FAE04EC0-301F-11D3-BF4B-00C04F79EFBC}") = "MGF-Photon4", "MGF-Photon4\MGF-Photon4.csproj", "{E74FD041-E93B-4B39-898A-3DAE07C205EB}"
EndProject
Project("{FAE04EC0-301F-11D3-BF4B-00C04F79EFBC}") = "Servers", "Servers\Servers.csproj", "{B1A12EDB-96EC-4DFA-8A70-E500258C081C}"
EndProject
Global
	GlobalSection(SolutionConfigurationPlatforms) = preSolution
		Debug|Any CPU = Debug|Any CPU
		Release|Any CPU = Release|Any CPU
	EndGlobalSection
	GlobalSection(ProjectConfigurationPlatforms) = postSolution
		{5F2593F7-1CE8-443B-B7C2-4D1DDE371324}.Debug|Any CPU.ActiveCfg = Debug|Any CPU
		{5F2593F7-1CE8-443B-B7C2-4D1DDE371324}.Debug|Any CPU.Build.0 = Debug|Any CPU
		{5F2593F7-1CE8-443B-B7C2-4D1DDE371324}.Release|Any CPU.ActiveCfg = Release|Any CPU
		{5F2593F7-1CE8-443B-B7C2-4D1DDE371324}.Release|Any CPU.Build.0 = Release|Any CPU
		{A635B525-933B-433E-9131-ACDC87D24024}.Debug|Any CPU.ActiveCfg = Debug|Any CPU
		{A635B525-933B-433E-9131-ACDC87D24024}.Debug|Any CPU.Build.0 = Debug|Any CPU
		{A635B525-933B-433E-9131-ACDC87D24024}.Release|Any CPU.ActiveCfg = Release|Any CPU
		{A635B525-933B-433E-9131-ACDC87D24024}.Release|Any CPU.Build.0 = Release|Any CPU
		{E74FD041-E93B-4B39-898A-3DAE07C205EB}.Debug|Any CPU.ActiveCfg = Debug|Any CPU
		{E74FD041-E93B-4B39-898A-3DAE07C205EB}.Debug|Any CPU.Build.0 = Debug|Any CPU
		{E74FD041-E93B-4B39-898A-3DAE07C205EB}.Release|Any CPU.ActiveCfg = Release|Any CPU
		{E74FD041-E93B-4B39-898A-3DAE07C205EB}.Release|Any CPU.Build.0 = Release|Any CPU
		{B1A12EDB-96EC-4DFA-8A70-E500258C081C}.Debug|Any CPU.ActiveCfg = Debug|Any CPU
		{B1A12EDB-96EC-4DFA-8A70-E500258C081C}.Debug|Any CPU.Build.0 = Debug|Any CPU
		{B1A12EDB-96EC-4DFA-8A70-E500258C081C}.Release|Any CPU.ActiveCfg = Release|Any CPU
		{B1A12EDB-96EC-4DFA-8A70-E500258C081C}.Release|Any CPU.Build.0 = Release|Any CPU
	EndGlobalSection
	GlobalSection(SolutionProperties) = preSolution
		HideSolutionNode = FALSE
	EndGlobalSection
EndGlobal
