
Microsoft Visual Studio Solution File, Format Version 12.00
# Visual Studio 15
VisualStudioVersion = 15.0.26430.15
MinimumVisualStudioVersion = 10.0.40219.1
Project("{FAE04EC0-301F-11D3-BF4B-00C04F79EFBC}") = "MultiplayerGameFramework", "MultiplayerGameFramework\MultiplayerGameFramework.csproj", "{5F2593F7-1CE8-443B-B7C2-4D1DDE371324}"
EndProject
Project("{FAE04EC0-301F-11D3-BF4B-00C04F79EFBC}") = "MGF-Photon", "MGF-Photon\MGF-Photon.csproj", "{A635B525-933B-433E-9131-ACDC87D24024}"
EndProject
Project("{FAE04EC0-301F-11D3-BF4B-00C04F79EFBC}") = "MGF-Photon4", "MGF-Photon4\MGF-Photon4.csproj", "{E74FD041-E93B-4B39-898A-3DAE07C205EB}"
EndProject
Project("{FAE04EC0-301F-11D3-BF4B-00C04F79EFBC}") = "Servers", "Servers\Servers.csproj", "{B1A12EDB-96EC-4DFA-8A70-E500258C081C}"
EndProject
Project("{FAE04EC0-301F-11D3-BF4B-00C04F79EFBC}") = "MGF.Domain", "MGF.Domain\MGF.Domain.csproj", "{59052CCB-7C5F-4C80-9F40-E09D1B76D55F}"
EndProject
Project("{FAE04EC0-301F-11D3-BF4B-00C04F79EFBC}") = "MGF.DataEntities", "MGF.DataEntities\MGF.DataEntities.csproj", "{6AA2DB8C-CAEC-4E11-9059-035B3B349B71}"
EndProject
Project("{FAE04EC0-301F-11D3-BF4B-00C04F79EFBC}") = "GameCommon", "GameCommon\GameCommon.csproj", "{88AA72C0-BAAC-403C-8EC2-501735FF55E7}"
EndProject
Project("{FAE04EC0-301F-11D3-BF4B-00C04F79EFBC}") = "DatabaseCreation", "DatabaseCreation\DatabaseCreation.csproj", "{65D4E536-9569-4624-AFB8-CC4FEACFCDB2}"
EndProject
Global
	GlobalSection(SolutionConfigurationPlatforms) = preSolution
		Debug|Any CPU = Debug|Any CPU
		MySQLDebug|Any CPU = MySQLDebug|Any CPU
		MySQLRelease|Any CPU = MySQLRelease|Any CPU
		Release|Any CPU = Release|Any CPU
	EndGlobalSection
	GlobalSection(ProjectConfigurationPlatforms) = postSolution
		{5F2593F7-1CE8-443B-B7C2-4D1DDE371324}.Debug|Any CPU.ActiveCfg = Debug|Any CPU
		{5F2593F7-1CE8-443B-B7C2-4D1DDE371324}.Debug|Any CPU.Build.0 = Debug|Any CPU
		{5F2593F7-1CE8-443B-B7C2-4D1DDE371324}.MySQLDebug|Any CPU.ActiveCfg = MySQLDebug|Any CPU
		{5F2593F7-1CE8-443B-B7C2-4D1DDE371324}.MySQLDebug|Any CPU.Build.0 = MySQLDebug|Any CPU
		{5F2593F7-1CE8-443B-B7C2-4D1DDE371324}.MySQLRelease|Any CPU.ActiveCfg = MySQLRelease|Any CPU
		{5F2593F7-1CE8-443B-B7C2-4D1DDE371324}.MySQLRelease|Any CPU.Build.0 = MySQLRelease|Any CPU
		{5F2593F7-1CE8-443B-B7C2-4D1DDE371324}.Release|Any CPU.ActiveCfg = Release|Any CPU
		{5F2593F7-1CE8-443B-B7C2-4D1DDE371324}.Release|Any CPU.Build.0 = Release|Any CPU
		{A635B525-933B-433E-9131-ACDC87D24024}.Debug|Any CPU.ActiveCfg = Debug|Any CPU
		{A635B525-933B-433E-9131-ACDC87D24024}.Debug|Any CPU.Build.0 = Debug|Any CPU
		{A635B525-933B-433E-9131-ACDC87D24024}.MySQLDebug|Any CPU.ActiveCfg = Debug|Any CPU
		{A635B525-933B-433E-9131-ACDC87D24024}.MySQLRelease|Any CPU.ActiveCfg = Release|Any CPU
		{A635B525-933B-433E-9131-ACDC87D24024}.Release|Any CPU.ActiveCfg = Release|Any CPU
		{A635B525-933B-433E-9131-ACDC87D24024}.Release|Any CPU.Build.0 = Release|Any CPU
		{E74FD041-E93B-4B39-898A-3DAE07C205EB}.Debug|Any CPU.ActiveCfg = Debug|Any CPU
		{E74FD041-E93B-4B39-898A-3DAE07C205EB}.Debug|Any CPU.Build.0 = Debug|Any CPU
		{E74FD041-E93B-4B39-898A-3DAE07C205EB}.MySQLDebug|Any CPU.ActiveCfg = MySQLDebug|Any CPU
		{E74FD041-E93B-4B39-898A-3DAE07C205EB}.MySQLDebug|Any CPU.Build.0 = MySQLDebug|Any CPU
		{E74FD041-E93B-4B39-898A-3DAE07C205EB}.MySQLRelease|Any CPU.ActiveCfg = MySQLRelease|Any CPU
		{E74FD041-E93B-4B39-898A-3DAE07C205EB}.MySQLRelease|Any CPU.Build.0 = MySQLRelease|Any CPU
		{E74FD041-E93B-4B39-898A-3DAE07C205EB}.Release|Any CPU.ActiveCfg = Release|Any CPU
		{E74FD041-E93B-4B39-898A-3DAE07C205EB}.Release|Any CPU.Build.0 = Release|Any CPU
		{B1A12EDB-96EC-4DFA-8A70-E500258C081C}.Debug|Any CPU.ActiveCfg = Debug|Any CPU
		{B1A12EDB-96EC-4DFA-8A70-E500258C081C}.Debug|Any CPU.Build.0 = Debug|Any CPU
		{B1A12EDB-96EC-4DFA-8A70-E500258C081C}.MySQLDebug|Any CPU.ActiveCfg = MySQLDebug|Any CPU
		{B1A12EDB-96EC-4DFA-8A70-E500258C081C}.MySQLDebug|Any CPU.Build.0 = MySQLDebug|Any CPU
		{B1A12EDB-96EC-4DFA-8A70-E500258C081C}.MySQLRelease|Any CPU.ActiveCfg = MySQLRelease|Any CPU
		{B1A12EDB-96EC-4DFA-8A70-E500258C081C}.MySQLRelease|Any CPU.Build.0 = MySQLRelease|Any CPU
		{B1A12EDB-96EC-4DFA-8A70-E500258C081C}.Release|Any CPU.ActiveCfg = Release|Any CPU
		{B1A12EDB-96EC-4DFA-8A70-E500258C081C}.Release|Any CPU.Build.0 = Release|Any CPU
		{59052CCB-7C5F-4C80-9F40-E09D1B76D55F}.Debug|Any CPU.ActiveCfg = Debug|Any CPU
		{59052CCB-7C5F-4C80-9F40-E09D1B76D55F}.Debug|Any CPU.Build.0 = Debug|Any CPU
		{59052CCB-7C5F-4C80-9F40-E09D1B76D55F}.MySQLDebug|Any CPU.ActiveCfg = MySQLDebug|Any CPU
		{59052CCB-7C5F-4C80-9F40-E09D1B76D55F}.MySQLDebug|Any CPU.Build.0 = MySQLDebug|Any CPU
		{59052CCB-7C5F-4C80-9F40-E09D1B76D55F}.MySQLRelease|Any CPU.ActiveCfg = MySQLRelease|Any CPU
		{59052CCB-7C5F-4C80-9F40-E09D1B76D55F}.MySQLRelease|Any CPU.Build.0 = MySQLRelease|Any CPU
		{59052CCB-7C5F-4C80-9F40-E09D1B76D55F}.Release|Any CPU.ActiveCfg = Release|Any CPU
		{59052CCB-7C5F-4C80-9F40-E09D1B76D55F}.Release|Any CPU.Build.0 = Release|Any CPU
		{6AA2DB8C-CAEC-4E11-9059-035B3B349B71}.Debug|Any CPU.ActiveCfg = Debug|Any CPU
		{6AA2DB8C-CAEC-4E11-9059-035B3B349B71}.Debug|Any CPU.Build.0 = Debug|Any CPU
		{6AA2DB8C-CAEC-4E11-9059-035B3B349B71}.MySQLDebug|Any CPU.ActiveCfg = MySQLDebug|Any CPU
		{6AA2DB8C-CAEC-4E11-9059-035B3B349B71}.MySQLDebug|Any CPU.Build.0 = MySQLDebug|Any CPU
		{6AA2DB8C-CAEC-4E11-9059-035B3B349B71}.MySQLRelease|Any CPU.ActiveCfg = MySQLRelease|Any CPU
		{6AA2DB8C-CAEC-4E11-9059-035B3B349B71}.MySQLRelease|Any CPU.Build.0 = MySQLRelease|Any CPU
		{6AA2DB8C-CAEC-4E11-9059-035B3B349B71}.Release|Any CPU.ActiveCfg = Release|Any CPU
		{6AA2DB8C-CAEC-4E11-9059-035B3B349B71}.Release|Any CPU.Build.0 = Release|Any CPU
		{88AA72C0-BAAC-403C-8EC2-501735FF55E7}.Debug|Any CPU.ActiveCfg = Debug|Any CPU
		{88AA72C0-BAAC-403C-8EC2-501735FF55E7}.Debug|Any CPU.Build.0 = Debug|Any CPU
		{88AA72C0-BAAC-403C-8EC2-501735FF55E7}.MySQLDebug|Any CPU.ActiveCfg = Debug|Any CPU
		{88AA72C0-BAAC-403C-8EC2-501735FF55E7}.MySQLDebug|Any CPU.Build.0 = Debug|Any CPU
		{88AA72C0-BAAC-403C-8EC2-501735FF55E7}.MySQLRelease|Any CPU.ActiveCfg = Release|Any CPU
		{88AA72C0-BAAC-403C-8EC2-501735FF55E7}.MySQLRelease|Any CPU.Build.0 = Release|Any CPU
		{88AA72C0-BAAC-403C-8EC2-501735FF55E7}.Release|Any CPU.ActiveCfg = Release|Any CPU
		{88AA72C0-BAAC-403C-8EC2-501735FF55E7}.Release|Any CPU.Build.0 = Release|Any CPU
		{65D4E536-9569-4624-AFB8-CC4FEACFCDB2}.Debug|Any CPU.ActiveCfg = Debug|Any CPU
		{65D4E536-9569-4624-AFB8-CC4FEACFCDB2}.Debug|Any CPU.Build.0 = Debug|Any CPU
		{65D4E536-9569-4624-AFB8-CC4FEACFCDB2}.MySQLDebug|Any CPU.ActiveCfg = Debug|Any CPU
		{65D4E536-9569-4624-AFB8-CC4FEACFCDB2}.MySQLDebug|Any CPU.Build.0 = Debug|Any CPU
		{65D4E536-9569-4624-AFB8-CC4FEACFCDB2}.MySQLRelease|Any CPU.ActiveCfg = Release|Any CPU
		{65D4E536-9569-4624-AFB8-CC4FEACFCDB2}.MySQLRelease|Any CPU.Build.0 = Release|Any CPU
		{65D4E536-9569-4624-AFB8-CC4FEACFCDB2}.Release|Any CPU.ActiveCfg = Release|Any CPU
		{65D4E536-9569-4624-AFB8-CC4FEACFCDB2}.Release|Any CPU.Build.0 = Release|Any CPU
	EndGlobalSection
	GlobalSection(SolutionProperties) = preSolution
		HideSolutionNode = FALSE
	EndGlobalSection
	GlobalSection(ExtensibilityGlobals) = postSolution
		SolutionGuid = {317C9EB7-5268-4F6B-8BE8-6DEDD57E453D}
	EndGlobalSection
EndGlobal
